// !$*UTF8*$!
{
	archiveVersion = 1;
	classes = {
	};
	objectVersion = 55;
	objects = {

/* Begin PBXBuildFile section */
		6506BF6426CCF4C9008BFE3B /* slipper.usdz in Resources */ = {isa = PBXBuildFile; fileRef = 6506BF6326CCF4C9008BFE3B /* slipper.usdz */; };
		6581DF5D26CA6A2800974BFA /* ARQuickLookApp.swift in Sources */ = {isa = PBXBuildFile; fileRef = 6581DF5C26CA6A2800974BFA /* ARQuickLookApp.swift */; };
		6581DF5F26CA6A2800974BFA /* ContentView.swift in Sources */ = {isa = PBXBuildFile; fileRef = 6581DF5E26CA6A2800974BFA /* ContentView.swift */; };
		6581DF6126CA6A2900974BFA /* Assets.xcassets in Resources */ = {isa = PBXBuildFile; fileRef = 6581DF6026CA6A2900974BFA /* Assets.xcassets */; };
		6581DF6426CA6A2900974BFA /* Preview Assets.xcassets in Resources */ = {isa = PBXBuildFile; fileRef = 6581DF6326CA6A2900974BFA /* Preview Assets.xcassets */; };
		6581DF6E26CA6A2900974BFA /* ARQuickLookTests.swift in Sources */ = {isa = PBXBuildFile; fileRef = 6581DF6D26CA6A2900974BFA /* ARQuickLookTests.swift */; };
		6581DF7826CA6A2900974BFA /* ARQuickLookUITests.swift in Sources */ = {isa = PBXBuildFile; fileRef = 6581DF7726CA6A2900974BFA /* ARQuickLookUITests.swift */; };
		6581DF8526CA6A4100974BFA /* ARQuickLookView.swift in Sources */ = {isa = PBXBuildFile; fileRef = 6581DF8426CA6A4100974BFA /* ARQuickLookView.swift */; };
/* End PBXBuildFile section */

/* Begin PBXContainerItemProxy section */
		6581DF6A26CA6A2900974BFA /* PBXContainerItemProxy */ = {
			isa = PBXContainerItemProxy;
			containerPortal = 6581DF5126CA6A2800974BFA /* Project object */;
			proxyType = 1;
			remoteGlobalIDString = 6581DF5826CA6A2800974BFA;
			remoteInfo = ARQuickLook;
		};
		6581DF7426CA6A2900974BFA /* PBXContainerItemProxy */ = {
			isa = PBXContainerItemProxy;
			containerPortal = 6581DF5126CA6A2800974BFA /* Project object */;
			proxyType = 1;
			remoteGlobalIDString = 6581DF5826CA6A2800974BFA;
			remoteInfo = ARQuickLook;
		};
/* End PBXContainerItemProxy section */

/* Begin PBXFileReference section */
		6506BF6326CCF4C9008BFE3B /* slipper.usdz */ = {isa = PBXFileReference; lastKnownFileType = file.usdz; path = slipper.usdz; sourceTree = "<group>"; };
		6581DF5926CA6A2800974BFA /* ARQuickLook.app */ = {isa = PBXFileReference; explicitFileType = wrapper.application; includeInIndex = 0; path = ARQuickLook.app; sourceTree = BUILT_PRODUCTS_DIR; };
		6581DF5C26CA6A2800974BFA /* ARQuickLookApp.swift */ = {isa = PBXFileReference; lastKnownFileType = sourcecode.swift; path = ARQuickLookApp.swift; sourceTree = "<group>"; };
		6581DF5E26CA6A2800974BFA /* ContentView.swift */ = {isa = PBXFileReference; lastKnownFileType = sourcecode.swift; path = ContentView.swift; sourceTree = "<group>"; };
		6581DF6026CA6A2900974BFA /* Assets.xcassets */ = {isa = PBXFileReference; lastKnownFileType = folder.assetcatalog; path = Assets.xcassets; sourceTree = "<group>"; };
		6581DF6326CA6A2900974BFA /* Preview Assets.xcassets */ = {isa = PBXFileReference; lastKnownFileType = folder.assetcatalog; path = "Preview Assets.xcassets"; sourceTree = "<group>"; };
		6581DF6926CA6A2900974BFA /* ARQuickLookTests.xctest */ = {isa = PBXFileReference; explicitFileType = wrapper.cfbundle; includeInIndex = 0; path = ARQuickLookTests.xctest; sourceTree = BUILT_PRODUCTS_DIR; };
		6581DF6D26CA6A2900974BFA /* ARQuickLookTests.swift */ = {isa = PBXFileReference; lastKnownFileType = sourcecode.swift; path = ARQuickLookTests.swift; sourceTree = "<group>"; };
		6581DF7326CA6A2900974BFA /* ARQuickLookUITests.xctest */ = {isa = PBXFileReference; explicitFileType = wrapper.cfbundle; includeInIndex = 0; path = ARQuickLookUITests.xctest; sourceTree = BUILT_PRODUCTS_DIR; };
		6581DF7726CA6A2900974BFA /* ARQuickLookUITests.swift */ = {isa = PBXFileReference; lastKnownFileType = sourcecode.swift; path = ARQuickLookUITests.swift; sourceTree = "<group>"; };
		6581DF8426CA6A4100974BFA /* ARQuickLookView.swift */ = {isa = PBXFileReference; lastKnownFileType = sourcecode.swift; path = ARQuickLookView.swift; sourceTree = "<group>"; };
/* End PBXFileReference section */

/* Begin PBXFrameworksBuildPhase section */
		6581DF5626CA6A2800974BFA /* Frameworks */ = {
			isa = PBXFrameworksBuildPhase;
			buildActionMask = 2147483647;
			files = (
			);
			runOnlyForDeploymentPostprocessing = 0;
		};
		6581DF6626CA6A2900974BFA /* Frameworks */ = {
			isa = PBXFrameworksBuildPhase;
			buildActionMask = 2147483647;
			files = (
			);
			runOnlyForDeploymentPostprocessing = 0;
		};
		6581DF7026CA6A2900974BFA /* Frameworks */ = {
			isa = PBXFrameworksBuildPhase;
			buildActionMask = 2147483647;
			files = (
			);
			runOnlyForDeploymentPostprocessing = 0;
		};
/* End PBXFrameworksBuildPhase section */

/* Begin PBXGroup section */
		6581DF5026CA6A2800974BFA = {
			isa = PBXGroup;
			children = (
				6581DF5B26CA6A2800974BFA /* ARQuickLook */,
				6581DF6C26CA6A2900974BFA /* ARQuickLookTests */,
				6581DF7626CA6A2900974BFA /* ARQuickLookUITests */,
				6581DF5A26CA6A2800974BFA /* Products */,
			);
			sourceTree = "<group>";
		};
		6581DF5A26CA6A2800974BFA /* Products */ = {
			isa = PBXGroup;
			children = (
				6581DF5926CA6A2800974BFA /* ARQuickLook.app */,
				6581DF6926CA6A2900974BFA /* ARQuickLookTests.xctest */,
				6581DF7326CA6A2900974BFA /* ARQuickLookUITests.xctest */,
			);
			name = Products;
			sourceTree = "<group>";
		};
		6581DF5B26CA6A2800974BFA /* ARQuickLook */ = {
			isa = PBXGroup;
			children = (
				6581DF5C26CA6A2800974BFA /* ARQuickLookApp.swift */,
				6581DF5E26CA6A2800974BFA /* ContentView.swift */,
				6581DF8426CA6A4100974BFA /* ARQuickLookView.swift */,
				6506BF6326CCF4C9008BFE3B /* slipper.usdz */,
				6581DF6026CA6A2900974BFA /* Assets.xcassets */,
				6581DF6226CA6A2900974BFA /* Preview Content */,
			);
			path = ARQuickLook;
			sourceTree = "<group>";
		};
		6581DF6226CA6A2900974BFA /* Preview Content */ = {
			isa = PBXGroup;
			children = (
				6581DF6326CA6A2900974BFA /* Preview Assets.xcassets */,
			);
			path = "Preview Content";
			sourceTree = "<group>";
		};
		6581DF6C26CA6A2900974BFA /* ARQuickLookTests */ = {
			isa = PBXGroup;
			children = (
				6581DF6D26CA6A2900974BFA /* ARQuickLookTests.swift */,
			);
			path = ARQuickLookTests;
			sourceTree = "<group>";
		};
		6581DF7626CA6A2900974BFA /* ARQuickLookUITests */ = {
			isa = PBXGroup;
			children = (
				6581DF7726CA6A2900974BFA /* ARQuickLookUITests.swift */,
			);
			path = ARQuickLookUITests;
			sourceTree = "<group>";
		};
/* End PBXGroup section */

/* Begin PBXNativeTarget section */
		6581DF5826CA6A2800974BFA /* ARQuickLook */ = {
			isa = PBXNativeTarget;
			buildConfigurationList = 6581DF7B26CA6A2900974BFA /* Build configuration list for PBXNativeTarget "ARQuickLook" */;
			buildPhases = (
				6581DF5526CA6A2800974BFA /* Sources */,
				6581DF5626CA6A2800974BFA /* Frameworks */,
				6581DF5726CA6A2800974BFA /* Resources */,
			);
			buildRules = (
			);
			dependencies = (
			);
			name = ARQuickLook;
			productName = ARQuickLook;
			productReference = 6581DF5926CA6A2800974BFA /* ARQuickLook.app */;
			productType = "com.apple.product-type.application";
		};
		6581DF6826CA6A2900974BFA /* ARQuickLookTests */ = {
			isa = PBXNativeTarget;
			buildConfigurationList = 6581DF7E26CA6A2900974BFA /* Build configuration list for PBXNativeTarget "ARQuickLookTests" */;
			buildPhases = (
				6581DF6526CA6A2900974BFA /* Sources */,
				6581DF6626CA6A2900974BFA /* Frameworks */,
				6581DF6726CA6A2900974BFA /* Resources */,
			);
			buildRules = (
			);
			dependencies = (
				6581DF6B26CA6A2900974BFA /* PBXTargetDependency */,
			);
			name = ARQuickLookTests;
			productName = ARQuickLookTests;
			productReference = 6581DF6926CA6A2900974BFA /* ARQuickLookTests.xctest */;
			productType = "com.apple.product-type.bundle.unit-test";
		};
		6581DF7226CA6A2900974BFA /* ARQuickLookUITests */ = {
			isa = PBXNativeTarget;
			buildConfigurationList = 6581DF8126CA6A2900974BFA /* Build configuration list for PBXNativeTarget "ARQuickLookUITests" */;
			buildPhases = (
				6581DF6F26CA6A2900974BFA /* Sources */,
				6581DF7026CA6A2900974BFA /* Frameworks */,
				6581DF7126CA6A2900974BFA /* Resources */,
			);
			buildRules = (
			);
			dependencies = (
				6581DF7526CA6A2900974BFA /* PBXTargetDependency */,
			);
			name = ARQuickLookUITests;
			productName = ARQuickLookUITests;
			productReference = 6581DF7326CA6A2900974BFA /* ARQuickLookUITests.xctest */;
			productType = "com.apple.product-type.bundle.ui-testing";
		};
/* End PBXNativeTarget section */

/* Begin PBXProject section */
		6581DF5126CA6A2800974BFA /* Project object */ = {
			isa = PBXProject;
			attributes = {
				BuildIndependentTargetsInParallel = 1;
				LastSwiftUpdateCheck = 1300;
				LastUpgradeCheck = 1300;
				TargetAttributes = {
					6581DF5826CA6A2800974BFA = {
						CreatedOnToolsVersion = 13.0;
					};
					6581DF6826CA6A2900974BFA = {
						CreatedOnToolsVersion = 13.0;
						TestTargetID = 6581DF5826CA6A2800974BFA;
					};
					6581DF7226CA6A2900974BFA = {
						CreatedOnToolsVersion = 13.0;
						TestTargetID = 6581DF5826CA6A2800974BFA;
					};
				};
			};
			buildConfigurationList = 6581DF5426CA6A2800974BFA /* Build configuration list for PBXProject "ARQuickLook" */;
			compatibilityVersion = "Xcode 13.0";
			developmentRegion = en;
			hasScannedForEncodings = 0;
			knownRegions = (
				en,
				Base,
			);
			mainGroup = 6581DF5026CA6A2800974BFA;
			productRefGroup = 6581DF5A26CA6A2800974BFA /* Products */;
			projectDirPath = "";
			projectRoot = "";
			targets = (
				6581DF5826CA6A2800974BFA /* ARQuickLook */,
				6581DF6826CA6A2900974BFA /* ARQuickLookTests */,
				6581DF7226CA6A2900974BFA /* ARQuickLookUITests */,
			);
		};
/* End PBXProject section */

/* Begin PBXResourcesBuildPhase section */
		6581DF5726CA6A2800974BFA /* Resources */ = {
			isa = PBXResourcesBuildPhase;
			buildActionMask = 2147483647;
			files = (
				6581DF6426CA6A2900974BFA /* Preview Assets.xcassets in Resources */,
				6581DF6126CA6A2900974BFA /* Assets.xcassets in Resources */,
				6506BF6426CCF4C9008BFE3B /* slipper.usdz in Resources */,
			);
			runOnlyForDeploymentPostprocessing = 0;
		};
		6581DF6726CA6A2900974BFA /* Resources */ = {
			isa = PBXResourcesBuildPhase;
			buildActionMask = 2147483647;
			files = (
			);
			runOnlyForDeploymentPostprocessing = 0;
		};
		6581DF7126CA6A2900974BFA /* Resources */ = {
			isa = PBXResourcesBuildPhase;
			buildActionMask = 2147483647;
			files = (
			);
			runOnlyForDeploymentPostprocessing = 0;
		};
/* End PBXResourcesBuildPhase section */

/* Begin PBXSourcesBuildPhase section */
		6581DF5526CA6A2800974BFA /* Sources */ = {
			isa = PBXSourcesBuildPhase;
			buildActionMask = 2147483647;
			files = (
				6581DF5F26CA6A2800974BFA /* ContentView.swift in Sources */,
				6581DF8526CA6A4100974BFA /* ARQuickLookView.swift in Sources */,
				6581DF5D26CA6A2800974BFA /* ARQuickLookApp.swift in Sources */,
			);
			runOnlyForDeploymentPostprocessing = 0;
		};
		6581DF6526CA6A2900974BFA /* Sources */ = {
			isa = PBXSourcesBuildPhase;
			buildActionMask = 2147483647;
			files = (
				6581DF6E26CA6A2900974BFA /* ARQuickLookTests.swift in Sources */,
			);
			runOnlyForDeploymentPostprocessing = 0;
		};
		6581DF6F26CA6A2900974BFA /* Sources */ = {
			isa = PBXSourcesBuildPhase;
			buildActionMask = 2147483647;
			files = (
				6581DF7826CA6A2900974BFA /* ARQuickLookUITests.swift in Sources */,
			);
			runOnlyForDeploymentPostprocessing = 0;
		};
/* End PBXSourcesBuildPhase section */

/* Begin PBXTargetDependency section */
		6581DF6B26CA6A2900974BFA /* PBXTargetDependency */ = {
			isa = PBXTargetDependency;
			target = 6581DF5826CA6A2800974BFA /* ARQuickLook */;
			targetProxy = 6581DF6A26CA6A2900974BFA /* PBXContainerItemProxy */;
		};
		6581DF7526CA6A2900974BFA /* PBXTargetDependency */ = {
			isa = PBXTargetDependency;
			target = 6581DF5826CA6A2800974BFA /* ARQuickLook */;
			targetProxy = 6581DF7426CA6A2900974BFA /* PBXContainerItemProxy */;
		};
/* End PBXTargetDependency section */

/* Begin XCBuildConfiguration section */
		6581DF7926CA6A2900974BFA /* Debug */ = {
			isa = XCBuildConfiguration;
			buildSettings = {
				ALWAYS_SEARCH_USER_PATHS = NO;
				CLANG_ANALYZER_NONNULL = YES;
				CLANG_ANALYZER_NUMBER_OBJECT_CONVERSION = YES_AGGRESSIVE;
				CLANG_CXX_LANGUAGE_STANDARD = "gnu++17";
				CLANG_CXX_LIBRARY = "libc++";
				CLANG_ENABLE_MODULES = YES;
				CLANG_ENABLE_OBJC_ARC = YES;
				CLANG_ENABLE_OBJC_WEAK = YES;
				CLANG_WARN_BLOCK_CAPTURE_AUTORELEASING = YES;
				CLANG_WARN_BOOL_CONVERSION = YES;
				CLANG_WARN_COMMA = YES;
				CLANG_WARN_CONSTANT_CONVERSION = YES;
				CLANG_WARN_DEPRECATED_OBJC_IMPLEMENTATIONS = YES;
				CLANG_WARN_DIRECT_OBJC_ISA_USAGE = YES_ERROR;
				CLANG_WARN_DOCUMENTATION_COMMENTS = YES;
				CLANG_WARN_EMPTY_BODY = YES;
				CLANG_WARN_ENUM_CONVERSION = YES;
				CLANG_WARN_INFINITE_RECURSION = YES;
				CLANG_WARN_INT_CONVERSION = YES;
				CLANG_WARN_NON_LITERAL_NULL_CONVERSION = YES;
				CLANG_WARN_OBJC_IMPLICIT_RETAIN_SELF = YES;
				CLANG_WARN_OBJC_LITERAL_CONVERSION = YES;
				CLANG_WARN_OBJC_ROOT_CLASS = YES_ERROR;
				CLANG_WARN_QUOTED_INCLUDE_IN_FRAMEWORK_HEADER = YES;
				CLANG_WARN_RANGE_LOOP_ANALYSIS = YES;
				CLANG_WARN_STRICT_PROTOTYPES = YES;
				CLANG_WARN_SUSPICIOUS_MOVE = YES;
				CLANG_WARN_UNGUARDED_AVAILABILITY = YES_AGGRESSIVE;
				CLANG_WARN_UNREACHABLE_CODE = YES;
				CLANG_WARN__DUPLICATE_METHOD_MATCH = YES;
				COPY_PHASE_STRIP = NO;
				DEBUG_INFORMATION_FORMAT = dwarf;
				ENABLE_STRICT_OBJC_MSGSEND = YES;
				ENABLE_TESTABILITY = YES;
				GCC_C_LANGUAGE_STANDARD = gnu11;
				GCC_DYNAMIC_NO_PIC = NO;
				GCC_NO_COMMON_BLOCKS = YES;
				GCC_OPTIMIZATION_LEVEL = 0;
				GCC_PREPROCESSOR_DEFINITIONS = (
					"DEBUG=1",
					"$(inherited)",
				);
				GCC_WARN_64_TO_32_BIT_CONVERSION = YES;
				GCC_WARN_ABOUT_RETURN_TYPE = YES_ERROR;
				GCC_WARN_UNDECLARED_SELECTOR = YES;
				GCC_WARN_UNINITIALIZED_AUTOS = YES_AGGRESSIVE;
				GCC_WARN_UNUSED_FUNCTION = YES;
				GCC_WARN_UNUSED_VARIABLE = YES;
				IPHONEOS_DEPLOYMENT_TARGET = 15.0;
				MTL_ENABLE_DEBUG_INFO = INCLUDE_SOURCE;
				MTL_FAST_MATH = YES;
				ONLY_ACTIVE_ARCH = YES;
				SDKROOT = iphoneos;
				SWIFT_ACTIVE_COMPILATION_CONDITIONS = DEBUG;
				SWIFT_OPTIMIZATION_LEVEL = "-Onone";
			};
			name = Debug;
		};
		6581DF7A26CA6A2900974BFA /* Release */ = {
			isa = XCBuildConfiguration;
			buildSettings = {
				ALWAYS_SEARCH_USER_PATHS = NO;
				CLANG_ANALYZER_NONNULL = YES;
				CLANG_ANALYZER_NUMBER_OBJECT_CONVERSION = YES_AGGRESSIVE;
				CLANG_CXX_LANGUAGE_STANDARD = "gnu++17";
				CLANG_CXX_LIBRARY = "libc++";
				CLANG_ENABLE_MODULES = YES;
				CLANG_ENABLE_OBJC_ARC = YES;
				CLANG_ENABLE_OBJC_WEAK = YES;
				CLANG_WARN_BLOCK_CAPTURE_AUTORELEASING = YES;
				CLANG_WARN_BOOL_CONVERSION = YES;
				CLANG_WARN_COMMA = YES;
				CLANG_WARN_CONSTANT_CONVERSION = YES;
				CLANG_WARN_DEPRECATED_OBJC_IMPLEMENTATIONS = YES;
				CLANG_WARN_DIRECT_OBJC_ISA_USAGE = YES_ERROR;
				CLANG_WARN_DOCUMENTATION_COMMENTS = YES;
				CLANG_WARN_EMPTY_BODY = YES;
				CLANG_WARN_ENUM_CONVERSION = YES;
				CLANG_WARN_INFINITE_RECURSION = YES;
				CLANG_WARN_INT_CONVERSION = YES;
				CLANG_WARN_NON_LITERAL_NULL_CONVERSION = YES;
				CLANG_WARN_OBJC_IMPLICIT_RETAIN_SELF = YES;
				CLANG_WARN_OBJC_LITERAL_CONVERSION = YES;
				CLANG_WARN_OBJC_ROOT_CLASS = YES_ERROR;
				CLANG_WARN_QUOTED_INCLUDE_IN_FRAMEWORK_HEADER = YES;
				CLANG_WARN_RANGE_LOOP_ANALYSIS = YES;
				CLANG_WARN_STRICT_PROTOTYPES = YES;
				CLANG_WARN_SUSPICIOUS_MOVE = YES;
				CLANG_WARN_UNGUARDED_AVAILABILITY = YES_AGGRESSIVE;
				CLANG_WARN_UNREACHABLE_CODE = YES;
				CLANG_WARN__DUPLICATE_METHOD_MATCH = YES;
				COPY_PHASE_STRIP = NO;
				DEBUG_INFORMATION_FORMAT = "dwarf-with-dsym";
				ENABLE_NS_ASSERTIONS = NO;
				ENABLE_STRICT_OBJC_MSGSEND = YES;
				GCC_C_LANGUAGE_STANDARD = gnu11;
				GCC_NO_COMMON_BLOCKS = YES;
				GCC_WARN_64_TO_32_BIT_CONVERSION = YES;
				GCC_WARN_ABOUT_RETURN_TYPE = YES_ERROR;
				GCC_WARN_UNDECLARED_SELECTOR = YES;
				GCC_WARN_UNINITIALIZED_AUTOS = YES_AGGRESSIVE;
				GCC_WARN_UNUSED_FUNCTION = YES;
				GCC_WARN_UNUSED_VARIABLE = YES;
				IPHONEOS_DEPLOYMENT_TARGET = 15.0;
				MTL_ENABLE_DEBUG_INFO = NO;
				MTL_FAST_MATH = YES;
				SDKROOT = iphoneos;
				SWIFT_COMPILATION_MODE = wholemodule;
				SWIFT_OPTIMIZATION_LEVEL = "-O";
				VALIDATE_PRODUCT = YES;
			};
			name = Release;
		};
		6581DF7C26CA6A2900974BFA /* Debug */ = {
			isa = XCBuildConfiguration;
			buildSettings = {
				ASSETCATALOG_COMPILER_APPICON_NAME = AppIcon;
				ASSETCATALOG_COMPILER_GLOBAL_ACCENT_COLOR_NAME = AccentColor;
				CODE_SIGN_STYLE = Automatic;
				CURRENT_PROJECT_VERSION = 1;
				DEVELOPMENT_ASSET_PATHS = "\"ARQuickLook/Preview Content\"";
				DEVELOPMENT_TEAM = SUV34UZRXX;
				ENABLE_PREVIEWS = YES;
				GENERATE_INFOPLIST_FILE = YES;
				INFOPLIST_KEY_UIApplicationSceneManifest_Generation = YES;
				INFOPLIST_KEY_UIApplicationSupportsIndirectInputEvents = YES;
				INFOPLIST_KEY_UILaunchScreen_Generation = YES;
				INFOPLIST_KEY_UISupportedInterfaceOrientations_iPad = "UIInterfaceOrientationPortrait UIInterfaceOrientationPortraitUpsideDown UIInterfaceOrientationLandscapeLeft UIInterfaceOrientationLandscapeRight";
				INFOPLIST_KEY_UISupportedInterfaceOrientations_iPhone = "UIInterfaceOrientationPortrait UIInterfaceOrientationLandscapeLeft UIInterfaceOrientationLandscapeRight";
				IPHONEOS_DEPLOYMENT_TARGET = 14.0;
				LD_RUNPATH_SEARCH_PATHS = (
					"$(inherited)",
					"@executable_path/Frameworks",
				);
				MARKETING_VERSION = 1.0;
				PRODUCT_BUNDLE_IDENTIFIER = com.osensetech.ARQuickLook;
				PRODUCT_NAME = "$(TARGET_NAME)";
				SWIFT_EMIT_LOC_STRINGS = YES;
				SWIFT_VERSION = 5.0;
				TARGETED_DEVICE_FAMILY = "1,2";
			};
			name = Debug;
		};
		6581DF7D26CA6A2900974BFA /* Release */ = {
			isa = XCBuildConfiguration;
			buildSettings = {
				ASSETCATALOG_COMPILER_APPICON_NAME = AppIcon;
				ASSETCATALOG_COMPILER_GLOBAL_ACCENT_COLOR_NAME = AccentColor;
				CODE_SIGN_STYLE = Automatic;
				CURRENT_PROJECT_VERSION = 1;
				DEVELOPMENT_ASSET_PATHS = "\"ARQuickLook/Preview Content\"";
				DEVELOPMENT_TEAM = SUV34UZRXX;
				ENABLE_PREVIEWS = YES;
				GENERATE_INFOPLIST_FILE = YES;
				INFOPLIST_KEY_UIApplicationSceneManifest_Generation = YES;
				INFOPLIST_KEY_UIApplicationSupportsIndirectInputEvents = YES;
				INFOPLIST_KEY_UILaunchScreen_Generation = YES;
				INFOPLIST_KEY_UISupportedInterfaceOrientations_iPad = "UIInterfaceOrientationPortrait UIInterfaceOrientationPortraitUpsideDown UIInterfaceOrientationLandscapeLeft UIInterfaceOrientationLandscapeRight";
				INFOPLIST_KEY_UISupportedInterfaceOrientations_iPhone = "UIInterfaceOrientationPortrait UIInterfaceOrientationLandscapeLeft UIInterfaceOrientationLandscapeRight";
				IPHONEOS_DEPLOYMENT_TARGET = 14.0;
				LD_RUNPATH_SEARCH_PATHS = (
					"$(inherited)",
					"@executable_path/Frameworks",
				);
				MARKETING_VERSION = 1.0;
				PRODUCT_BUNDLE_IDENTIFIER = com.osensetech.ARQuickLook;
				PRODUCT_NAME = "$(TARGET_NAME)";
				SWIFT_EMIT_LOC_STRINGS = YES;
				SWIFT_VERSION = 5.0;
				TARGETED_DEVICE_FAMILY = "1,2";
			};
			name = Release;
		};
		6581DF7F26CA6A2900974BFA /* Debug */ = {
			isa = XCBuildConfiguration;
			buildSettings = {
				ALWAYS_EMBED_SWIFT_STANDARD_LIBRARIES = YES;
				BUNDLE_LOADER = "$(TEST_HOST)";
				CODE_SIGN_STYLE = Automatic;
				CURRENT_PROJECT_VERSION = 1;
				DEVELOPMENT_TEAM = SUV34UZRXX;
				GENERATE_INFOPLIST_FILE = YES;
				IPHONEOS_DEPLOYMENT_TARGET = 14.0;
				LD_RUNPATH_SEARCH_PATHS = (
					"$(inherited)",
					"@executable_path/Frameworks",
					"@loader_path/Frameworks",
				);
				MARKETING_VERSION = 1.0;
				PRODUCT_BUNDLE_IDENTIFIER = com.osensetech.ARQuickLookTests;
				PRODUCT_NAME = "$(TARGET_NAME)";
				SWIFT_EMIT_LOC_STRINGS = NO;
				SWIFT_VERSION = 5.0;
				TARGETED_DEVICE_FAMILY = "1,2";
				TEST_HOST = "$(BUILT_PRODUCTS_DIR)/ARQuickLook.app/ARQuickLook";
			};
			name = Debug;
		};
		6581DF8026CA6A2900974BFA /* Release */ = {
			isa = XCBuildConfiguration;
			buildSettings = {
				ALWAYS_EMBED_SWIFT_STANDARD_LIBRARIES = YES;
				BUNDLE_LOADER = "$(TEST_HOST)";
				CODE_SIGN_STYLE = Automatic;
				CURRENT_PROJECT_VERSION = 1;
				DEVELOPMENT_TEAM = SUV34UZRXX;
				GENERATE_INFOPLIST_FILE = YES;
				IPHONEOS_DEPLOYMENT_TARGET = 14.0;
				LD_RUNPATH_SEARCH_PATHS = (
					"$(inherited)",
					"@executable_path/Frameworks",
					"@loader_path/Frameworks",
				);
				MARKETING_VERSION = 1.0;
				PRODUCT_BUNDLE_IDENTIFIER = com.osensetech.ARQuickLookTests;
				PRODUCT_NAME = "$(TARGET_NAME)";
				SWIFT_EMIT_LOC_STRINGS = NO;
				SWIFT_VERSION = 5.0;
				TARGETED_DEVICE_FAMILY = "1,2";
				TEST_HOST = "$(BUILT_PRODUCTS_DIR)/ARQuickLook.app/ARQuickLook";
			};
			name = Release;
		};
		6581DF8226CA6A2900974BFA /* Debug */ = {
			isa = XCBuildConfiguration;
			buildSettings = {
				ALWAYS_EMBED_SWIFT_STANDARD_LIBRARIES = YES;
				CODE_SIGN_STYLE = Automatic;
				CURRENT_PROJECT_VERSION = 1;
				DEVELOPMENT_TEAM = SUV34UZRXX;
				GENERATE_INFOPLIST_FILE = YES;
				LD_RUNPATH_SEARCH_PATHS = (
					"$(inherited)",
					"@executable_path/Frameworks",
					"@loader_path/Frameworks",
				);
				MARKETING_VERSION = 1.0;
				PRODUCT_BUNDLE_IDENTIFIER = com.osensetech.ARQuickLookUITests;
				PRODUCT_NAME = "$(TARGET_NAME)";
				SWIFT_EMIT_LOC_STRINGS = NO;
				SWIFT_VERSION = 5.0;
				TARGETED_DEVICE_FAMILY = "1,2";
				TEST_TARGET_NAME = ARQuickLook;
			};
			name = Debug;
		};
		6581DF8326CA6A2900974BFA /* Release */ = {
			isa = XCBuildConfiguration;
			buildSettings = {
				ALWAYS_EMBED_SWIFT_STANDARD_LIBRARIES = YES;
				CODE_SIGN_STYLE = Automatic;
				CURRENT_PROJECT_VERSION = 1;
				DEVELOPMENT_TEAM = SUV34UZRXX;
				GENERATE_INFOPLIST_FILE = YES;
				LD_RUNPATH_SEARCH_PATHS = (
					"$(inherited)",
					"@executable_path/Frameworks",
					"@loader_path/Frameworks",
				);
				MARKETING_VERSION = 1.0;
				PRODUCT_BUNDLE_IDENTIFIER = com.osensetech.ARQuickLookUITests;
				PRODUCT_NAME = "$(TARGET_NAME)";
				SWIFT_EMIT_LOC_STRINGS = NO;
				SWIFT_VERSION = 5.0;
				TARGETED_DEVICE_FAMILY = "1,2";
				TEST_TARGET_NAME = ARQuickLook;
			};
			name = Release;
		};
/* End XCBuildConfiguration section */

/* Begin XCConfigurationList section */
		6581DF5426CA6A2800974BFA /* Build configuration list for PBXProject "ARQuickLook" */ = {
			isa = XCConfigurationList;
			buildConfigurations = (
				6581DF7926CA6A2900974BFA /* Debug */,
				6581DF7A26CA6A2900974BFA /* Release */,
			);
			defaultConfigurationIsVisible = 0;
			defaultConfigurationName = Release;
		};
		6581DF7B26CA6A2900974BFA /* Build configuration list for PBXNativeTarget "ARQuickLook" */ = {
			isa = XCConfigurationList;
			buildConfigurations = (
				6581DF7C26CA6A2900974BFA /* Debug */,
				6581DF7D26CA6A2900974BFA /* Release */,
			);
			defaultConfigurationIsVisible = 0;
			defaultConfigurationName = Release;
		};
		6581DF7E26CA6A2900974BFA /* Build configuration list for PBXNativeTarget "ARQuickLookTests" */ = {
			isa = XCConfigurationList;
			buildConfigurations = (
				6581DF7F26CA6A2900974BFA /* Debug */,
				6581DF8026CA6A2900974BFA /* Release */,
			);
			defaultConfigurationIsVisible = 0;
			defaultConfigurationName = Release;
		};
		6581DF8126CA6A2900974BFA /* Build configuration list for PBXNativeTarget "ARQuickLookUITests" */ = {
			isa = XCConfigurationList;
			buildConfigurations = (
				6581DF8226CA6A2900974BFA /* Debug */,
				6581DF8326CA6A2900974BFA /* Release */,
			);
			defaultConfigurationIsVisible = 0;
			defaultConfigurationName = Release;
		};
/* End XCConfigurationList section */
	};
	rootObject = 6581DF5126CA6A2800974BFA /* Project object */;
}
